
Microsoft Visual Studio Solution File, Format Version 12.00
# Visual Studio 15
VisualStudioVersion = 15.0.27428.2005
MinimumVisualStudioVersion = 10.0.40219.1
Project("{9A19103F-16F7-4668-BE54-9A1E7A4F7556}") = "CarWash.VisitorGenerator", "VisitorGenerator\CarWash.VisitorGenerator.csproj", "{DA9496FE-0F07-44D7-91E0-A476A0639509}"
EndProject
Project("{9A19103F-16F7-4668-BE54-9A1E7A4F7556}") = "CarWash.Api.Operations", "CarWash.Api.Washing\CarWash.Api.Operations.csproj", "{A02A3EE2-BC9D-4B65-984D-620DA7352C64}"
EndProject
Project("{9A19103F-16F7-4668-BE54-9A1E7A4F7556}") = "CarWash.Core.Entities", "CarWash.Core.Entities\CarWash.Core.Entities.csproj", "{9CE725A6-EA71-463B-8601-783D9C269E8F}"
EndProject
Project("{9A19103F-16F7-4668-BE54-9A1E7A4F7556}") = "CarWash.StatsViewer", "CarWash.StatsViewer\CarWash.StatsViewer.csproj", "{EDFC6450-A57B-41B0-BB33-9E95AFBEA737}"
EndProject
Global
	GlobalSection(SolutionConfigurationPlatforms) = preSolution
		Debug|Any CPU = Debug|Any CPU
		Release|Any CPU = Release|Any CPU
	EndGlobalSection
	GlobalSection(ProjectConfigurationPlatforms) = postSolution
		{DA9496FE-0F07-44D7-91E0-A476A0639509}.Debug|Any CPU.ActiveCfg = Debug|Any CPU
		{DA9496FE-0F07-44D7-91E0-A476A0639509}.Debug|Any CPU.Build.0 = Debug|Any CPU
		{DA9496FE-0F07-44D7-91E0-A476A0639509}.Release|Any CPU.ActiveCfg = Release|Any CPU
		{DA9496FE-0F07-44D7-91E0-A476A0639509}.Release|Any CPU.Build.0 = Release|Any CPU
		{A02A3EE2-BC9D-4B65-984D-620DA7352C64}.Debug|Any CPU.ActiveCfg = Debug|Any CPU
		{A02A3EE2-BC9D-4B65-984D-620DA7352C64}.Debug|Any CPU.Build.0 = Debug|Any CPU
		{A02A3EE2-BC9D-4B65-984D-620DA7352C64}.Release|Any CPU.ActiveCfg = Release|Any CPU
		{A02A3EE2-BC9D-4B65-984D-620DA7352C64}.Release|Any CPU.Build.0 = Release|Any CPU
		{9CE725A6-EA71-463B-8601-783D9C269E8F}.Debug|Any CPU.ActiveCfg = Debug|Any CPU
		{9CE725A6-EA71-463B-8601-783D9C269E8F}.Debug|Any CPU.Build.0 = Debug|Any CPU
		{9CE725A6-EA71-463B-8601-783D9C269E8F}.Release|Any CPU.ActiveCfg = Release|Any CPU
		{9CE725A6-EA71-463B-8601-783D9C269E8F}.Release|Any CPU.Build.0 = Release|Any CPU
		{EDFC6450-A57B-41B0-BB33-9E95AFBEA737}.Debug|Any CPU.ActiveCfg = Debug|Any CPU
		{EDFC6450-A57B-41B0-BB33-9E95AFBEA737}.Debug|Any CPU.Build.0 = Debug|Any CPU
		{EDFC6450-A57B-41B0-BB33-9E95AFBEA737}.Release|Any CPU.ActiveCfg = Release|Any CPU
		{EDFC6450-A57B-41B0-BB33-9E95AFBEA737}.Release|Any CPU.Build.0 = Release|Any CPU
	EndGlobalSection
	GlobalSection(SolutionProperties) = preSolution
		HideSolutionNode = FALSE
	EndGlobalSection
	GlobalSection(ExtensibilityGlobals) = postSolution
		SolutionGuid = {BE30CF46-790D-41BA-9742-48D8CD57C5FE}
	EndGlobalSection
EndGlobal
